
Microsoft Visual Studio Solution File, Format Version 12.00
# Visual Studio Version 17
VisualStudioVersion = 17.7.34003.232
MinimumVisualStudioVersion = 10.0.40219.1
Project("{FAE04EC0-301F-11D3-BF4B-00C04F79EFBC}") = "pertemuan9", "pertemuan9.csproj", "{BDA08F4D-3590-4336-93A3-5F4F4D99B4FC}"
EndProject
Global
	GlobalSection(SolutionConfigurationPlatforms) = preSolution
		Debug|Any CPU = Debug|Any CPU
		Release|Any CPU = Release|Any CPU
	EndGlobalSection
	GlobalSection(ProjectConfigurationPlatforms) = postSolution
		{BDA08F4D-3590-4336-93A3-5F4F4D99B4FC}.Debug|Any CPU.ActiveCfg = Debug|Any CPU
		{BDA08F4D-3590-4336-93A3-5F4F4D99B4FC}.Debug|Any CPU.Build.0 = Debug|Any CPU
		{BDA08F4D-3590-4336-93A3-5F4F4D99B4FC}.Release|Any CPU.ActiveCfg = Release|Any CPU
		{BDA08F4D-3590-4336-93A3-5F4F4D99B4FC}.Release|Any CPU.Build.0 = Release|Any CPU
	EndGlobalSection
	GlobalSection(SolutionProperties) = preSolution
		HideSolutionNode = FALSE
	EndGlobalSection
	GlobalSection(ExtensibilityGlobals) = postSolution
		SolutionGuid = {8B37C35A-3C9E-4697-932B-AE34F2172E3A}
	EndGlobalSection
EndGlobal
